
Microsoft Visual Studio Solution File, Format Version 12.00
# Visual Studio 14
VisualStudioVersion = 14.0.23107.0
MinimumVisualStudioVersion = 10.0.40219.1
Project("{FAE04EC0-301F-11D3-BF4B-00C04F79EFBC}") = "ExamHari01", "ExamHari01\ExamHari01.csproj", "{A48D29C1-3930-407D-B25D-F33BB360CAB1}"
EndProject
Project("{FAE04EC0-301F-11D3-BF4B-00C04F79EFBC}") = "ExamHari2", "ExamHari2\ExamHari2.csproj", "{F1C4C985-7C1C-4B2B-9CEC-857ED3AD6212}"
EndProject
Project("{FAE04EC0-301F-11D3-BF4B-00C04F79EFBC}") = "ExamHari03", "ExamHari03\ExamHari03.csproj", "{705549BC-0D6B-4324-9B0B-5A7D3E4DF95B}"
EndProject
Project("{FAE04EC0-301F-11D3-BF4B-00C04F79EFBC}") = "ExamBase", "ExamBase\ExamBase.csproj", "{B75D8506-4F07-4AF7-8FA3-84A6BA3C6286}"
EndProject
Project("{FAE04EC0-301F-11D3-BF4B-00C04F79EFBC}") = "ExamHari04", "ExamHari04\ExamHari04.csproj", "{A9FD3957-1C88-4A66-9B2A-6F515D204419}"
EndProject
Project("{FAE04EC0-301F-11D3-BF4B-00C04F79EFBC}") = "ExamHari05", "ExamHari05\ExamHari05.csproj", "{A345B01B-3E09-4901-8A4C-1E0F6C82FEF2}"
EndProject
Project("{FAE04EC0-301F-11D3-BF4B-00C04F79EFBC}") = "ExamReview45", "ExamReview45\ExamReview45.csproj", "{08A60146-F43B-463E-9D1B-664B9D50F648}"
EndProject
Global
	GlobalSection(SolutionConfigurationPlatforms) = preSolution
		Debug|Any CPU = Debug|Any CPU
		Release|Any CPU = Release|Any CPU
	EndGlobalSection
	GlobalSection(ProjectConfigurationPlatforms) = postSolution
		{A48D29C1-3930-407D-B25D-F33BB360CAB1}.Debug|Any CPU.ActiveCfg = Debug|Any CPU
		{A48D29C1-3930-407D-B25D-F33BB360CAB1}.Debug|Any CPU.Build.0 = Debug|Any CPU
		{A48D29C1-3930-407D-B25D-F33BB360CAB1}.Release|Any CPU.ActiveCfg = Release|Any CPU
		{A48D29C1-3930-407D-B25D-F33BB360CAB1}.Release|Any CPU.Build.0 = Release|Any CPU
		{F1C4C985-7C1C-4B2B-9CEC-857ED3AD6212}.Debug|Any CPU.ActiveCfg = Debug|Any CPU
		{F1C4C985-7C1C-4B2B-9CEC-857ED3AD6212}.Debug|Any CPU.Build.0 = Debug|Any CPU
		{F1C4C985-7C1C-4B2B-9CEC-857ED3AD6212}.Release|Any CPU.ActiveCfg = Release|Any CPU
		{F1C4C985-7C1C-4B2B-9CEC-857ED3AD6212}.Release|Any CPU.Build.0 = Release|Any CPU
		{705549BC-0D6B-4324-9B0B-5A7D3E4DF95B}.Debug|Any CPU.ActiveCfg = Debug|Any CPU
		{705549BC-0D6B-4324-9B0B-5A7D3E4DF95B}.Debug|Any CPU.Build.0 = Debug|Any CPU
		{705549BC-0D6B-4324-9B0B-5A7D3E4DF95B}.Release|Any CPU.ActiveCfg = Release|Any CPU
		{705549BC-0D6B-4324-9B0B-5A7D3E4DF95B}.Release|Any CPU.Build.0 = Release|Any CPU
		{B75D8506-4F07-4AF7-8FA3-84A6BA3C6286}.Debug|Any CPU.ActiveCfg = Debug|Any CPU
		{B75D8506-4F07-4AF7-8FA3-84A6BA3C6286}.Debug|Any CPU.Build.0 = Debug|Any CPU
		{B75D8506-4F07-4AF7-8FA3-84A6BA3C6286}.Release|Any CPU.ActiveCfg = Release|Any CPU
		{B75D8506-4F07-4AF7-8FA3-84A6BA3C6286}.Release|Any CPU.Build.0 = Release|Any CPU
		{A9FD3957-1C88-4A66-9B2A-6F515D204419}.Debug|Any CPU.ActiveCfg = Debug|Any CPU
		{A9FD3957-1C88-4A66-9B2A-6F515D204419}.Debug|Any CPU.Build.0 = Debug|Any CPU
		{A9FD3957-1C88-4A66-9B2A-6F515D204419}.Release|Any CPU.ActiveCfg = Release|Any CPU
		{A9FD3957-1C88-4A66-9B2A-6F515D204419}.Release|Any CPU.Build.0 = Release|Any CPU
		{A345B01B-3E09-4901-8A4C-1E0F6C82FEF2}.Debug|Any CPU.ActiveCfg = Debug|Any CPU
		{A345B01B-3E09-4901-8A4C-1E0F6C82FEF2}.Debug|Any CPU.Build.0 = Debug|Any CPU
		{A345B01B-3E09-4901-8A4C-1E0F6C82FEF2}.Release|Any CPU.ActiveCfg = Release|Any CPU
		{A345B01B-3E09-4901-8A4C-1E0F6C82FEF2}.Release|Any CPU.Build.0 = Release|Any CPU
		{08A60146-F43B-463E-9D1B-664B9D50F648}.Debug|Any CPU.ActiveCfg = Debug|Any CPU
		{08A60146-F43B-463E-9D1B-664B9D50F648}.Debug|Any CPU.Build.0 = Debug|Any CPU
		{08A60146-F43B-463E-9D1B-664B9D50F648}.Release|Any CPU.ActiveCfg = Release|Any CPU
		{08A60146-F43B-463E-9D1B-664B9D50F648}.Release|Any CPU.Build.0 = Release|Any CPU
	EndGlobalSection
	GlobalSection(SolutionProperties) = preSolution
		HideSolutionNode = FALSE
	EndGlobalSection
EndGlobal
